
Microsoft Visual Studio Solution File, Format Version 12.00
# Visual Studio Version 16
VisualStudioVersion = 16.0.29911.84
MinimumVisualStudioVersion = 10.0.40219.1
Project("{FAE04EC0-301F-11D3-BF4B-00C04F79EFBC}") = "Bio", "Bio\Bio.csproj", "{C87B2BD2-7383-44FE-BFE3-5BC6784954E4}"
EndProject
Project("{FAE04EC0-301F-11D3-BF4B-00C04F79EFBC}") = "2de project", "2de project\2de project.csproj", "{1DC7845D-3F90-483F-A730-0B657F98578D}"
EndProject
Project("{FAE04EC0-301F-11D3-BF4B-00C04F79EFBC}") = "InputOutput", "InputOutput\InputOutput.csproj", "{588AB0B2-11EE-429A-B6EE-5CD8F615596B}"
EndProject
Project("{FAE04EC0-301F-11D3-BF4B-00C04F79EFBC}") = "ChangeMaker", "ChangeMaker\ChangeMaker.csproj", "{28041F46-6765-406E-A7FA-0734FBC5CCBC}"
EndProject
Project("{FAE04EC0-301F-11D3-BF4B-00C04F79EFBC}") = "Decider", "Decider\Decider.csproj", "{B9063200-9266-4140-BFCD-4C5678F6EA35}"
EndProject
Project("{FAE04EC0-301F-11D3-BF4B-00C04F79EFBC}") = "Sunday", "Sunday\Sunday.csproj", "{EB7C185A-4FC9-42D0-8BE7-F9D0D871E8C4}"
EndProject
Project("{FAE04EC0-301F-11D3-BF4B-00C04F79EFBC}") = "GuessingGame", "GuessingGame\GuessingGame.csproj", "{A36ADE4C-CDD4-4247-BCFA-53348AA82F0E}"
EndProject
Project("{FAE04EC0-301F-11D3-BF4B-00C04F79EFBC}") = "TripPlanner", "TripPlanner\TripPlanner.csproj", "{3B310EF2-B3F7-4EB2-8A59-2C0D2CC7A1A6}"
EndProject
Project("{FAE04EC0-301F-11D3-BF4B-00C04F79EFBC}") = "SnailRace", "SnailRace\SnailRace.csproj", "{914887DD-9CA9-4780-B55F-D56662612A6A}"
EndProject
Project("{FAE04EC0-301F-11D3-BF4B-00C04F79EFBC}") = "GameOfLife", "GameOfLife\GameOfLife.csproj", "{F45A011D-CE45-47B9-9D5A-449105346493}"
EndProject
Project("{FAE04EC0-301F-11D3-BF4B-00C04F79EFBC}") = "ATM", "ATM\ATM.csproj", "{04C44C5E-8AC7-42AB-85E9-E9817AAD85DF}"
EndProject
Project("{FAE04EC0-301F-11D3-BF4B-00C04F79EFBC}") = "CalculatorPt1", "CalculatorPt1\CalculatorPt1.csproj", "{50D5E3DE-050B-40BA-A590-ACAAA374A83B}"
EndProject
Global
	GlobalSection(SolutionConfigurationPlatforms) = preSolution
		Debug|Any CPU = Debug|Any CPU
		Release|Any CPU = Release|Any CPU
	EndGlobalSection
	GlobalSection(ProjectConfigurationPlatforms) = postSolution
		{C87B2BD2-7383-44FE-BFE3-5BC6784954E4}.Debug|Any CPU.ActiveCfg = Debug|Any CPU
		{C87B2BD2-7383-44FE-BFE3-5BC6784954E4}.Debug|Any CPU.Build.0 = Debug|Any CPU
		{C87B2BD2-7383-44FE-BFE3-5BC6784954E4}.Release|Any CPU.ActiveCfg = Release|Any CPU
		{C87B2BD2-7383-44FE-BFE3-5BC6784954E4}.Release|Any CPU.Build.0 = Release|Any CPU
		{1DC7845D-3F90-483F-A730-0B657F98578D}.Debug|Any CPU.ActiveCfg = Debug|Any CPU
		{1DC7845D-3F90-483F-A730-0B657F98578D}.Debug|Any CPU.Build.0 = Debug|Any CPU
		{1DC7845D-3F90-483F-A730-0B657F98578D}.Release|Any CPU.ActiveCfg = Release|Any CPU
		{1DC7845D-3F90-483F-A730-0B657F98578D}.Release|Any CPU.Build.0 = Release|Any CPU
		{588AB0B2-11EE-429A-B6EE-5CD8F615596B}.Debug|Any CPU.ActiveCfg = Debug|Any CPU
		{588AB0B2-11EE-429A-B6EE-5CD8F615596B}.Debug|Any CPU.Build.0 = Debug|Any CPU
		{588AB0B2-11EE-429A-B6EE-5CD8F615596B}.Release|Any CPU.ActiveCfg = Release|Any CPU
		{588AB0B2-11EE-429A-B6EE-5CD8F615596B}.Release|Any CPU.Build.0 = Release|Any CPU
		{28041F46-6765-406E-A7FA-0734FBC5CCBC}.Debug|Any CPU.ActiveCfg = Debug|Any CPU
		{28041F46-6765-406E-A7FA-0734FBC5CCBC}.Debug|Any CPU.Build.0 = Debug|Any CPU
		{28041F46-6765-406E-A7FA-0734FBC5CCBC}.Release|Any CPU.ActiveCfg = Release|Any CPU
		{28041F46-6765-406E-A7FA-0734FBC5CCBC}.Release|Any CPU.Build.0 = Release|Any CPU
		{B9063200-9266-4140-BFCD-4C5678F6EA35}.Debug|Any CPU.ActiveCfg = Debug|Any CPU
		{B9063200-9266-4140-BFCD-4C5678F6EA35}.Debug|Any CPU.Build.0 = Debug|Any CPU
		{B9063200-9266-4140-BFCD-4C5678F6EA35}.Release|Any CPU.ActiveCfg = Release|Any CPU
		{B9063200-9266-4140-BFCD-4C5678F6EA35}.Release|Any CPU.Build.0 = Release|Any CPU
		{EB7C185A-4FC9-42D0-8BE7-F9D0D871E8C4}.Debug|Any CPU.ActiveCfg = Debug|Any CPU
		{EB7C185A-4FC9-42D0-8BE7-F9D0D871E8C4}.Debug|Any CPU.Build.0 = Debug|Any CPU
		{EB7C185A-4FC9-42D0-8BE7-F9D0D871E8C4}.Release|Any CPU.ActiveCfg = Release|Any CPU
		{EB7C185A-4FC9-42D0-8BE7-F9D0D871E8C4}.Release|Any CPU.Build.0 = Release|Any CPU
		{A36ADE4C-CDD4-4247-BCFA-53348AA82F0E}.Debug|Any CPU.ActiveCfg = Debug|Any CPU
		{A36ADE4C-CDD4-4247-BCFA-53348AA82F0E}.Debug|Any CPU.Build.0 = Debug|Any CPU
		{A36ADE4C-CDD4-4247-BCFA-53348AA82F0E}.Release|Any CPU.ActiveCfg = Release|Any CPU
		{A36ADE4C-CDD4-4247-BCFA-53348AA82F0E}.Release|Any CPU.Build.0 = Release|Any CPU
		{3B310EF2-B3F7-4EB2-8A59-2C0D2CC7A1A6}.Debug|Any CPU.ActiveCfg = Debug|Any CPU
		{3B310EF2-B3F7-4EB2-8A59-2C0D2CC7A1A6}.Debug|Any CPU.Build.0 = Debug|Any CPU
		{3B310EF2-B3F7-4EB2-8A59-2C0D2CC7A1A6}.Release|Any CPU.ActiveCfg = Release|Any CPU
		{3B310EF2-B3F7-4EB2-8A59-2C0D2CC7A1A6}.Release|Any CPU.Build.0 = Release|Any CPU
		{914887DD-9CA9-4780-B55F-D56662612A6A}.Debug|Any CPU.ActiveCfg = Debug|Any CPU
		{914887DD-9CA9-4780-B55F-D56662612A6A}.Debug|Any CPU.Build.0 = Debug|Any CPU
		{914887DD-9CA9-4780-B55F-D56662612A6A}.Release|Any CPU.ActiveCfg = Release|Any CPU
		{914887DD-9CA9-4780-B55F-D56662612A6A}.Release|Any CPU.Build.0 = Release|Any CPU
		{F45A011D-CE45-47B9-9D5A-449105346493}.Debug|Any CPU.ActiveCfg = Debug|Any CPU
		{F45A011D-CE45-47B9-9D5A-449105346493}.Debug|Any CPU.Build.0 = Debug|Any CPU
		{F45A011D-CE45-47B9-9D5A-449105346493}.Release|Any CPU.ActiveCfg = Release|Any CPU
		{F45A011D-CE45-47B9-9D5A-449105346493}.Release|Any CPU.Build.0 = Release|Any CPU
		{04C44C5E-8AC7-42AB-85E9-E9817AAD85DF}.Debug|Any CPU.ActiveCfg = Debug|Any CPU
		{04C44C5E-8AC7-42AB-85E9-E9817AAD85DF}.Debug|Any CPU.Build.0 = Debug|Any CPU
		{04C44C5E-8AC7-42AB-85E9-E9817AAD85DF}.Release|Any CPU.ActiveCfg = Release|Any CPU
		{04C44C5E-8AC7-42AB-85E9-E9817AAD85DF}.Release|Any CPU.Build.0 = Release|Any CPU
		{50D5E3DE-050B-40BA-A590-ACAAA374A83B}.Debug|Any CPU.ActiveCfg = Debug|Any CPU
		{50D5E3DE-050B-40BA-A590-ACAAA374A83B}.Debug|Any CPU.Build.0 = Debug|Any CPU
		{50D5E3DE-050B-40BA-A590-ACAAA374A83B}.Release|Any CPU.ActiveCfg = Release|Any CPU
		{50D5E3DE-050B-40BA-A590-ACAAA374A83B}.Release|Any CPU.Build.0 = Release|Any CPU
	EndGlobalSection
	GlobalSection(SolutionProperties) = preSolution
		HideSolutionNode = FALSE
	EndGlobalSection
	GlobalSection(ExtensibilityGlobals) = postSolution
		SolutionGuid = {14B8AC63-7EC4-4467-A192-50EFDC5E4E20}
	EndGlobalSection
EndGlobal
