
Microsoft Visual Studio Solution File, Format Version 12.00
# Visual Studio Version 16
VisualStudioVersion = 16.0.29911.84
MinimumVisualStudioVersion = 10.0.40219.1
Project("{FAE04EC0-301F-11D3-BF4B-00C04F79EFBC}") = "Bio", "Bio\Bio.csproj", "{C87B2BD2-7383-44FE-BFE3-5BC6784954E4}"
EndProject
Project("{FAE04EC0-301F-11D3-BF4B-00C04F79EFBC}") = "2de project", "2de project\2de project.csproj", "{1DC7845D-3F90-483F-A730-0B657F98578D}"
EndProject
Project("{FAE04EC0-301F-11D3-BF4B-00C04F79EFBC}") = "InputOutput", "InputOutput\InputOutput.csproj", "{588AB0B2-11EE-429A-B6EE-5CD8F615596B}"
EndProject
Project("{FAE04EC0-301F-11D3-BF4B-00C04F79EFBC}") = "ChangeMaker", "ChangeMaker\ChangeMaker.csproj", "{28041F46-6765-406E-A7FA-0734FBC5CCBC}"
EndProject
Project("{FAE04EC0-301F-11D3-BF4B-00C04F79EFBC}") = "Decider", "Decider\Decider.csproj", "{B9063200-9266-4140-BFCD-4C5678F6EA35}"
EndProject
Project("{FAE04EC0-301F-11D3-BF4B-00C04F79EFBC}") = "Sunday", "Sunday\Sunday.csproj", "{EB7C185A-4FC9-42D0-8BE7-F9D0D871E8C4}"
EndProject
Project("{FAE04EC0-301F-11D3-BF4B-00C04F79EFBC}") = "GuessingGame", "GuessingGame\GuessingGame.csproj", "{A36ADE4C-CDD4-4247-BCFA-53348AA82F0E}"
EndProject
Project("{FAE04EC0-301F-11D3-BF4B-00C04F79EFBC}") = "TripPlanner", "TripPlanner\TripPlanner.csproj", "{3B310EF2-B3F7-4EB2-8A59-2C0D2CC7A1A6}"
EndProject
Project("{FAE04EC0-301F-11D3-BF4B-00C04F79EFBC}") = "SnailRace", "SnailRace\SnailRace.csproj", "{914887DD-9CA9-4780-B55F-D56662612A6A}"
EndProject
Project("{FAE04EC0-301F-11D3-BF4B-00C04F79EFBC}") = "GameOfLife", "GameOfLife\GameOfLife.csproj", "{F45A011D-CE45-47B9-9D5A-449105346493}"
EndProject
Project("{FAE04EC0-301F-11D3-BF4B-00C04F79EFBC}") = "ATM", "ATM\ATM.csproj", "{04C44C5E-8AC7-42AB-85E9-E9817AAD85DF}"
EndProject
Project("{FAE04EC0-301F-11D3-BF4B-00C04F79EFBC}") = "CalculatorPt1", "CalculatorPt1\CalculatorPt1.csproj", "{50D5E3DE-050B-40BA-A590-ACAAA374A83B}"
EndProject
Project("{FAE04EC0-301F-11D3-BF4B-00C04F79EFBC}") = "HelloWorld", "HelloWorld\HelloWorld.csproj", "{59FE2120-02FD-4275-98C9-BBB0C20D0EA9}"
EndProject
Project("{FAE04EC0-301F-11D3-BF4B-00C04F79EFBC}") = "String Converter", "String Converter\String Converter.csproj", "{5CBEB6C0-3BBE-4842-B79C-6EA3DCC99EB9}"
EndProject
Project("{FAE04EC0-301F-11D3-BF4B-00C04F79EFBC}") = "TOP2000_Final", "TOP2000_Final\TOP2000_Final.csproj", "{CA38FB31-0B59-4532-B05F-2798CB146CAF}"
EndProject
Global
	GlobalSection(SolutionConfigurationPlatforms) = preSolution
		Debug|Any CPU = Debug|Any CPU
		Debug|ARM = Debug|ARM
		Debug|ARM64 = Debug|ARM64
		Debug|x64 = Debug|x64
		Debug|x86 = Debug|x86
		Release|Any CPU = Release|Any CPU
		Release|ARM = Release|ARM
		Release|ARM64 = Release|ARM64
		Release|x64 = Release|x64
		Release|x86 = Release|x86
	EndGlobalSection
	GlobalSection(ProjectConfigurationPlatforms) = postSolution
		{C87B2BD2-7383-44FE-BFE3-5BC6784954E4}.Debug|Any CPU.ActiveCfg = Debug|Any CPU
		{C87B2BD2-7383-44FE-BFE3-5BC6784954E4}.Debug|Any CPU.Build.0 = Debug|Any CPU
		{C87B2BD2-7383-44FE-BFE3-5BC6784954E4}.Debug|ARM.ActiveCfg = Debug|Any CPU
		{C87B2BD2-7383-44FE-BFE3-5BC6784954E4}.Debug|ARM64.ActiveCfg = Debug|Any CPU
		{C87B2BD2-7383-44FE-BFE3-5BC6784954E4}.Debug|x64.ActiveCfg = Debug|Any CPU
		{C87B2BD2-7383-44FE-BFE3-5BC6784954E4}.Debug|x86.ActiveCfg = Debug|Any CPU
		{C87B2BD2-7383-44FE-BFE3-5BC6784954E4}.Release|Any CPU.ActiveCfg = Release|Any CPU
		{C87B2BD2-7383-44FE-BFE3-5BC6784954E4}.Release|Any CPU.Build.0 = Release|Any CPU
		{C87B2BD2-7383-44FE-BFE3-5BC6784954E4}.Release|ARM.ActiveCfg = Release|Any CPU
		{C87B2BD2-7383-44FE-BFE3-5BC6784954E4}.Release|ARM64.ActiveCfg = Release|Any CPU
		{C87B2BD2-7383-44FE-BFE3-5BC6784954E4}.Release|x64.ActiveCfg = Release|Any CPU
		{C87B2BD2-7383-44FE-BFE3-5BC6784954E4}.Release|x86.ActiveCfg = Release|Any CPU
		{1DC7845D-3F90-483F-A730-0B657F98578D}.Debug|Any CPU.ActiveCfg = Debug|Any CPU
		{1DC7845D-3F90-483F-A730-0B657F98578D}.Debug|Any CPU.Build.0 = Debug|Any CPU
		{1DC7845D-3F90-483F-A730-0B657F98578D}.Debug|ARM.ActiveCfg = Debug|Any CPU
		{1DC7845D-3F90-483F-A730-0B657F98578D}.Debug|ARM64.ActiveCfg = Debug|Any CPU
		{1DC7845D-3F90-483F-A730-0B657F98578D}.Debug|x64.ActiveCfg = Debug|Any CPU
		{1DC7845D-3F90-483F-A730-0B657F98578D}.Debug|x86.ActiveCfg = Debug|Any CPU
		{1DC7845D-3F90-483F-A730-0B657F98578D}.Release|Any CPU.ActiveCfg = Release|Any CPU
		{1DC7845D-3F90-483F-A730-0B657F98578D}.Release|Any CPU.Build.0 = Release|Any CPU
		{1DC7845D-3F90-483F-A730-0B657F98578D}.Release|ARM.ActiveCfg = Release|Any CPU
		{1DC7845D-3F90-483F-A730-0B657F98578D}.Release|ARM64.ActiveCfg = Release|Any CPU
		{1DC7845D-3F90-483F-A730-0B657F98578D}.Release|x64.ActiveCfg = Release|Any CPU
		{1DC7845D-3F90-483F-A730-0B657F98578D}.Release|x86.ActiveCfg = Release|Any CPU
		{588AB0B2-11EE-429A-B6EE-5CD8F615596B}.Debug|Any CPU.ActiveCfg = Debug|Any CPU
		{588AB0B2-11EE-429A-B6EE-5CD8F615596B}.Debug|Any CPU.Build.0 = Debug|Any CPU
		{588AB0B2-11EE-429A-B6EE-5CD8F615596B}.Debug|ARM.ActiveCfg = Debug|Any CPU
		{588AB0B2-11EE-429A-B6EE-5CD8F615596B}.Debug|ARM64.ActiveCfg = Debug|Any CPU
		{588AB0B2-11EE-429A-B6EE-5CD8F615596B}.Debug|x64.ActiveCfg = Debug|Any CPU
		{588AB0B2-11EE-429A-B6EE-5CD8F615596B}.Debug|x86.ActiveCfg = Debug|Any CPU
		{588AB0B2-11EE-429A-B6EE-5CD8F615596B}.Release|Any CPU.ActiveCfg = Release|Any CPU
		{588AB0B2-11EE-429A-B6EE-5CD8F615596B}.Release|Any CPU.Build.0 = Release|Any CPU
		{588AB0B2-11EE-429A-B6EE-5CD8F615596B}.Release|ARM.ActiveCfg = Release|Any CPU
		{588AB0B2-11EE-429A-B6EE-5CD8F615596B}.Release|ARM64.ActiveCfg = Release|Any CPU
		{588AB0B2-11EE-429A-B6EE-5CD8F615596B}.Release|x64.ActiveCfg = Release|Any CPU
		{588AB0B2-11EE-429A-B6EE-5CD8F615596B}.Release|x86.ActiveCfg = Release|Any CPU
		{28041F46-6765-406E-A7FA-0734FBC5CCBC}.Debug|Any CPU.ActiveCfg = Debug|Any CPU
		{28041F46-6765-406E-A7FA-0734FBC5CCBC}.Debug|Any CPU.Build.0 = Debug|Any CPU
		{28041F46-6765-406E-A7FA-0734FBC5CCBC}.Debug|ARM.ActiveCfg = Debug|Any CPU
		{28041F46-6765-406E-A7FA-0734FBC5CCBC}.Debug|ARM64.ActiveCfg = Debug|Any CPU
		{28041F46-6765-406E-A7FA-0734FBC5CCBC}.Debug|x64.ActiveCfg = Debug|Any CPU
		{28041F46-6765-406E-A7FA-0734FBC5CCBC}.Debug|x86.ActiveCfg = Debug|Any CPU
		{28041F46-6765-406E-A7FA-0734FBC5CCBC}.Release|Any CPU.ActiveCfg = Release|Any CPU
		{28041F46-6765-406E-A7FA-0734FBC5CCBC}.Release|Any CPU.Build.0 = Release|Any CPU
		{28041F46-6765-406E-A7FA-0734FBC5CCBC}.Release|ARM.ActiveCfg = Release|Any CPU
		{28041F46-6765-406E-A7FA-0734FBC5CCBC}.Release|ARM64.ActiveCfg = Release|Any CPU
		{28041F46-6765-406E-A7FA-0734FBC5CCBC}.Release|x64.ActiveCfg = Release|Any CPU
		{28041F46-6765-406E-A7FA-0734FBC5CCBC}.Release|x86.ActiveCfg = Release|Any CPU
		{B9063200-9266-4140-BFCD-4C5678F6EA35}.Debug|Any CPU.ActiveCfg = Debug|Any CPU
		{B9063200-9266-4140-BFCD-4C5678F6EA35}.Debug|Any CPU.Build.0 = Debug|Any CPU
		{B9063200-9266-4140-BFCD-4C5678F6EA35}.Debug|ARM.ActiveCfg = Debug|Any CPU
		{B9063200-9266-4140-BFCD-4C5678F6EA35}.Debug|ARM64.ActiveCfg = Debug|Any CPU
		{B9063200-9266-4140-BFCD-4C5678F6EA35}.Debug|x64.ActiveCfg = Debug|Any CPU
		{B9063200-9266-4140-BFCD-4C5678F6EA35}.Debug|x86.ActiveCfg = Debug|Any CPU
		{B9063200-9266-4140-BFCD-4C5678F6EA35}.Release|Any CPU.ActiveCfg = Release|Any CPU
		{B9063200-9266-4140-BFCD-4C5678F6EA35}.Release|Any CPU.Build.0 = Release|Any CPU
		{B9063200-9266-4140-BFCD-4C5678F6EA35}.Release|ARM.ActiveCfg = Release|Any CPU
		{B9063200-9266-4140-BFCD-4C5678F6EA35}.Release|ARM64.ActiveCfg = Release|Any CPU
		{B9063200-9266-4140-BFCD-4C5678F6EA35}.Release|x64.ActiveCfg = Release|Any CPU
		{B9063200-9266-4140-BFCD-4C5678F6EA35}.Release|x86.ActiveCfg = Release|Any CPU
		{EB7C185A-4FC9-42D0-8BE7-F9D0D871E8C4}.Debug|Any CPU.ActiveCfg = Debug|Any CPU
		{EB7C185A-4FC9-42D0-8BE7-F9D0D871E8C4}.Debug|Any CPU.Build.0 = Debug|Any CPU
		{EB7C185A-4FC9-42D0-8BE7-F9D0D871E8C4}.Debug|ARM.ActiveCfg = Debug|Any CPU
		{EB7C185A-4FC9-42D0-8BE7-F9D0D871E8C4}.Debug|ARM64.ActiveCfg = Debug|Any CPU
		{EB7C185A-4FC9-42D0-8BE7-F9D0D871E8C4}.Debug|x64.ActiveCfg = Debug|Any CPU
		{EB7C185A-4FC9-42D0-8BE7-F9D0D871E8C4}.Debug|x86.ActiveCfg = Debug|Any CPU
		{EB7C185A-4FC9-42D0-8BE7-F9D0D871E8C4}.Release|Any CPU.ActiveCfg = Release|Any CPU
		{EB7C185A-4FC9-42D0-8BE7-F9D0D871E8C4}.Release|Any CPU.Build.0 = Release|Any CPU
		{EB7C185A-4FC9-42D0-8BE7-F9D0D871E8C4}.Release|ARM.ActiveCfg = Release|Any CPU
		{EB7C185A-4FC9-42D0-8BE7-F9D0D871E8C4}.Release|ARM64.ActiveCfg = Release|Any CPU
		{EB7C185A-4FC9-42D0-8BE7-F9D0D871E8C4}.Release|x64.ActiveCfg = Release|Any CPU
		{EB7C185A-4FC9-42D0-8BE7-F9D0D871E8C4}.Release|x86.ActiveCfg = Release|Any CPU
		{A36ADE4C-CDD4-4247-BCFA-53348AA82F0E}.Debug|Any CPU.ActiveCfg = Debug|Any CPU
		{A36ADE4C-CDD4-4247-BCFA-53348AA82F0E}.Debug|Any CPU.Build.0 = Debug|Any CPU
		{A36ADE4C-CDD4-4247-BCFA-53348AA82F0E}.Debug|ARM.ActiveCfg = Debug|Any CPU
		{A36ADE4C-CDD4-4247-BCFA-53348AA82F0E}.Debug|ARM64.ActiveCfg = Debug|Any CPU
		{A36ADE4C-CDD4-4247-BCFA-53348AA82F0E}.Debug|x64.ActiveCfg = Debug|Any CPU
		{A36ADE4C-CDD4-4247-BCFA-53348AA82F0E}.Debug|x86.ActiveCfg = Debug|Any CPU
		{A36ADE4C-CDD4-4247-BCFA-53348AA82F0E}.Release|Any CPU.ActiveCfg = Release|Any CPU
		{A36ADE4C-CDD4-4247-BCFA-53348AA82F0E}.Release|Any CPU.Build.0 = Release|Any CPU
		{A36ADE4C-CDD4-4247-BCFA-53348AA82F0E}.Release|ARM.ActiveCfg = Release|Any CPU
		{A36ADE4C-CDD4-4247-BCFA-53348AA82F0E}.Release|ARM64.ActiveCfg = Release|Any CPU
		{A36ADE4C-CDD4-4247-BCFA-53348AA82F0E}.Release|x64.ActiveCfg = Release|Any CPU
		{A36ADE4C-CDD4-4247-BCFA-53348AA82F0E}.Release|x86.ActiveCfg = Release|Any CPU
		{3B310EF2-B3F7-4EB2-8A59-2C0D2CC7A1A6}.Debug|Any CPU.ActiveCfg = Debug|Any CPU
		{3B310EF2-B3F7-4EB2-8A59-2C0D2CC7A1A6}.Debug|Any CPU.Build.0 = Debug|Any CPU
		{3B310EF2-B3F7-4EB2-8A59-2C0D2CC7A1A6}.Debug|ARM.ActiveCfg = Debug|Any CPU
		{3B310EF2-B3F7-4EB2-8A59-2C0D2CC7A1A6}.Debug|ARM64.ActiveCfg = Debug|Any CPU
		{3B310EF2-B3F7-4EB2-8A59-2C0D2CC7A1A6}.Debug|x64.ActiveCfg = Debug|Any CPU
		{3B310EF2-B3F7-4EB2-8A59-2C0D2CC7A1A6}.Debug|x86.ActiveCfg = Debug|Any CPU
		{3B310EF2-B3F7-4EB2-8A59-2C0D2CC7A1A6}.Release|Any CPU.ActiveCfg = Release|Any CPU
		{3B310EF2-B3F7-4EB2-8A59-2C0D2CC7A1A6}.Release|Any CPU.Build.0 = Release|Any CPU
		{3B310EF2-B3F7-4EB2-8A59-2C0D2CC7A1A6}.Release|ARM.ActiveCfg = Release|Any CPU
		{3B310EF2-B3F7-4EB2-8A59-2C0D2CC7A1A6}.Release|ARM64.ActiveCfg = Release|Any CPU
		{3B310EF2-B3F7-4EB2-8A59-2C0D2CC7A1A6}.Release|x64.ActiveCfg = Release|Any CPU
		{3B310EF2-B3F7-4EB2-8A59-2C0D2CC7A1A6}.Release|x86.ActiveCfg = Release|Any CPU
		{914887DD-9CA9-4780-B55F-D56662612A6A}.Debug|Any CPU.ActiveCfg = Debug|Any CPU
		{914887DD-9CA9-4780-B55F-D56662612A6A}.Debug|Any CPU.Build.0 = Debug|Any CPU
		{914887DD-9CA9-4780-B55F-D56662612A6A}.Debug|ARM.ActiveCfg = Debug|Any CPU
		{914887DD-9CA9-4780-B55F-D56662612A6A}.Debug|ARM64.ActiveCfg = Debug|Any CPU
		{914887DD-9CA9-4780-B55F-D56662612A6A}.Debug|x64.ActiveCfg = Debug|Any CPU
		{914887DD-9CA9-4780-B55F-D56662612A6A}.Debug|x86.ActiveCfg = Debug|Any CPU
		{914887DD-9CA9-4780-B55F-D56662612A6A}.Release|Any CPU.ActiveCfg = Release|Any CPU
		{914887DD-9CA9-4780-B55F-D56662612A6A}.Release|Any CPU.Build.0 = Release|Any CPU
		{914887DD-9CA9-4780-B55F-D56662612A6A}.Release|ARM.ActiveCfg = Release|Any CPU
		{914887DD-9CA9-4780-B55F-D56662612A6A}.Release|ARM64.ActiveCfg = Release|Any CPU
		{914887DD-9CA9-4780-B55F-D56662612A6A}.Release|x64.ActiveCfg = Release|Any CPU
		{914887DD-9CA9-4780-B55F-D56662612A6A}.Release|x86.ActiveCfg = Release|Any CPU
		{F45A011D-CE45-47B9-9D5A-449105346493}.Debug|Any CPU.ActiveCfg = Debug|Any CPU
		{F45A011D-CE45-47B9-9D5A-449105346493}.Debug|Any CPU.Build.0 = Debug|Any CPU
		{F45A011D-CE45-47B9-9D5A-449105346493}.Debug|ARM.ActiveCfg = Debug|Any CPU
		{F45A011D-CE45-47B9-9D5A-449105346493}.Debug|ARM64.ActiveCfg = Debug|Any CPU
		{F45A011D-CE45-47B9-9D5A-449105346493}.Debug|x64.ActiveCfg = Debug|Any CPU
		{F45A011D-CE45-47B9-9D5A-449105346493}.Debug|x86.ActiveCfg = Debug|Any CPU
		{F45A011D-CE45-47B9-9D5A-449105346493}.Release|Any CPU.ActiveCfg = Release|Any CPU
		{F45A011D-CE45-47B9-9D5A-449105346493}.Release|Any CPU.Build.0 = Release|Any CPU
		{F45A011D-CE45-47B9-9D5A-449105346493}.Release|ARM.ActiveCfg = Release|Any CPU
		{F45A011D-CE45-47B9-9D5A-449105346493}.Release|ARM64.ActiveCfg = Release|Any CPU
		{F45A011D-CE45-47B9-9D5A-449105346493}.Release|x64.ActiveCfg = Release|Any CPU
		{F45A011D-CE45-47B9-9D5A-449105346493}.Release|x86.ActiveCfg = Release|Any CPU
		{04C44C5E-8AC7-42AB-85E9-E9817AAD85DF}.Debug|Any CPU.ActiveCfg = Debug|Any CPU
		{04C44C5E-8AC7-42AB-85E9-E9817AAD85DF}.Debug|Any CPU.Build.0 = Debug|Any CPU
		{04C44C5E-8AC7-42AB-85E9-E9817AAD85DF}.Debug|ARM.ActiveCfg = Debug|Any CPU
		{04C44C5E-8AC7-42AB-85E9-E9817AAD85DF}.Debug|ARM64.ActiveCfg = Debug|Any CPU
		{04C44C5E-8AC7-42AB-85E9-E9817AAD85DF}.Debug|x64.ActiveCfg = Debug|Any CPU
		{04C44C5E-8AC7-42AB-85E9-E9817AAD85DF}.Debug|x86.ActiveCfg = Debug|Any CPU
		{04C44C5E-8AC7-42AB-85E9-E9817AAD85DF}.Release|Any CPU.ActiveCfg = Release|Any CPU
		{04C44C5E-8AC7-42AB-85E9-E9817AAD85DF}.Release|Any CPU.Build.0 = Release|Any CPU
		{04C44C5E-8AC7-42AB-85E9-E9817AAD85DF}.Release|ARM.ActiveCfg = Release|Any CPU
		{04C44C5E-8AC7-42AB-85E9-E9817AAD85DF}.Release|ARM64.ActiveCfg = Release|Any CPU
		{04C44C5E-8AC7-42AB-85E9-E9817AAD85DF}.Release|x64.ActiveCfg = Release|Any CPU
		{04C44C5E-8AC7-42AB-85E9-E9817AAD85DF}.Release|x86.ActiveCfg = Release|Any CPU
		{50D5E3DE-050B-40BA-A590-ACAAA374A83B}.Debug|Any CPU.ActiveCfg = Debug|Any CPU
		{50D5E3DE-050B-40BA-A590-ACAAA374A83B}.Debug|Any CPU.Build.0 = Debug|Any CPU
		{50D5E3DE-050B-40BA-A590-ACAAA374A83B}.Debug|ARM.ActiveCfg = Debug|Any CPU
		{50D5E3DE-050B-40BA-A590-ACAAA374A83B}.Debug|ARM64.ActiveCfg = Debug|Any CPU
		{50D5E3DE-050B-40BA-A590-ACAAA374A83B}.Debug|x64.ActiveCfg = Debug|Any CPU
		{50D5E3DE-050B-40BA-A590-ACAAA374A83B}.Debug|x86.ActiveCfg = Debug|Any CPU
		{50D5E3DE-050B-40BA-A590-ACAAA374A83B}.Release|Any CPU.ActiveCfg = Release|Any CPU
		{50D5E3DE-050B-40BA-A590-ACAAA374A83B}.Release|Any CPU.Build.0 = Release|Any CPU
		{50D5E3DE-050B-40BA-A590-ACAAA374A83B}.Release|ARM.ActiveCfg = Release|Any CPU
		{50D5E3DE-050B-40BA-A590-ACAAA374A83B}.Release|ARM64.ActiveCfg = Release|Any CPU
		{50D5E3DE-050B-40BA-A590-ACAAA374A83B}.Release|x64.ActiveCfg = Release|Any CPU
		{50D5E3DE-050B-40BA-A590-ACAAA374A83B}.Release|x86.ActiveCfg = Release|Any CPU
		{59FE2120-02FD-4275-98C9-BBB0C20D0EA9}.Debug|Any CPU.ActiveCfg = Debug|x86
		{59FE2120-02FD-4275-98C9-BBB0C20D0EA9}.Debug|ARM.ActiveCfg = Debug|ARM
		{59FE2120-02FD-4275-98C9-BBB0C20D0EA9}.Debug|ARM.Build.0 = Debug|ARM
		{59FE2120-02FD-4275-98C9-BBB0C20D0EA9}.Debug|ARM.Deploy.0 = Debug|ARM
		{59FE2120-02FD-4275-98C9-BBB0C20D0EA9}.Debug|ARM64.ActiveCfg = Debug|ARM64
		{59FE2120-02FD-4275-98C9-BBB0C20D0EA9}.Debug|ARM64.Build.0 = Debug|ARM64
		{59FE2120-02FD-4275-98C9-BBB0C20D0EA9}.Debug|ARM64.Deploy.0 = Debug|ARM64
		{59FE2120-02FD-4275-98C9-BBB0C20D0EA9}.Debug|x64.ActiveCfg = Debug|x64
		{59FE2120-02FD-4275-98C9-BBB0C20D0EA9}.Debug|x64.Build.0 = Debug|x64
		{59FE2120-02FD-4275-98C9-BBB0C20D0EA9}.Debug|x64.Deploy.0 = Debug|x64
		{59FE2120-02FD-4275-98C9-BBB0C20D0EA9}.Debug|x86.ActiveCfg = Debug|x86
		{59FE2120-02FD-4275-98C9-BBB0C20D0EA9}.Debug|x86.Build.0 = Debug|x86
		{59FE2120-02FD-4275-98C9-BBB0C20D0EA9}.Debug|x86.Deploy.0 = Debug|x86
		{59FE2120-02FD-4275-98C9-BBB0C20D0EA9}.Release|Any CPU.ActiveCfg = Release|x86
		{59FE2120-02FD-4275-98C9-BBB0C20D0EA9}.Release|ARM.ActiveCfg = Release|ARM
		{59FE2120-02FD-4275-98C9-BBB0C20D0EA9}.Release|ARM.Build.0 = Release|ARM
		{59FE2120-02FD-4275-98C9-BBB0C20D0EA9}.Release|ARM.Deploy.0 = Release|ARM
		{59FE2120-02FD-4275-98C9-BBB0C20D0EA9}.Release|ARM64.ActiveCfg = Release|ARM64
		{59FE2120-02FD-4275-98C9-BBB0C20D0EA9}.Release|ARM64.Build.0 = Release|ARM64
		{59FE2120-02FD-4275-98C9-BBB0C20D0EA9}.Release|ARM64.Deploy.0 = Release|ARM64
		{59FE2120-02FD-4275-98C9-BBB0C20D0EA9}.Release|x64.ActiveCfg = Release|x64
		{59FE2120-02FD-4275-98C9-BBB0C20D0EA9}.Release|x64.Build.0 = Release|x64
		{59FE2120-02FD-4275-98C9-BBB0C20D0EA9}.Release|x64.Deploy.0 = Release|x64
		{59FE2120-02FD-4275-98C9-BBB0C20D0EA9}.Release|x86.ActiveCfg = Release|x86
		{59FE2120-02FD-4275-98C9-BBB0C20D0EA9}.Release|x86.Build.0 = Release|x86
		{59FE2120-02FD-4275-98C9-BBB0C20D0EA9}.Release|x86.Deploy.0 = Release|x86
		{5CBEB6C0-3BBE-4842-B79C-6EA3DCC99EB9}.Debug|Any CPU.ActiveCfg = Debug|x86
		{5CBEB6C0-3BBE-4842-B79C-6EA3DCC99EB9}.Debug|ARM.ActiveCfg = Debug|ARM
		{5CBEB6C0-3BBE-4842-B79C-6EA3DCC99EB9}.Debug|ARM.Build.0 = Debug|ARM
		{5CBEB6C0-3BBE-4842-B79C-6EA3DCC99EB9}.Debug|ARM.Deploy.0 = Debug|ARM
		{5CBEB6C0-3BBE-4842-B79C-6EA3DCC99EB9}.Debug|ARM64.ActiveCfg = Debug|ARM64
		{5CBEB6C0-3BBE-4842-B79C-6EA3DCC99EB9}.Debug|ARM64.Build.0 = Debug|ARM64
		{5CBEB6C0-3BBE-4842-B79C-6EA3DCC99EB9}.Debug|ARM64.Deploy.0 = Debug|ARM64
		{5CBEB6C0-3BBE-4842-B79C-6EA3DCC99EB9}.Debug|x64.ActiveCfg = Debug|x64
		{5CBEB6C0-3BBE-4842-B79C-6EA3DCC99EB9}.Debug|x64.Build.0 = Debug|x64
		{5CBEB6C0-3BBE-4842-B79C-6EA3DCC99EB9}.Debug|x64.Deploy.0 = Debug|x64
		{5CBEB6C0-3BBE-4842-B79C-6EA3DCC99EB9}.Debug|x86.ActiveCfg = Debug|x86
		{5CBEB6C0-3BBE-4842-B79C-6EA3DCC99EB9}.Debug|x86.Build.0 = Debug|x86
		{5CBEB6C0-3BBE-4842-B79C-6EA3DCC99EB9}.Debug|x86.Deploy.0 = Debug|x86
		{5CBEB6C0-3BBE-4842-B79C-6EA3DCC99EB9}.Release|Any CPU.ActiveCfg = Release|x86
		{5CBEB6C0-3BBE-4842-B79C-6EA3DCC99EB9}.Release|ARM.ActiveCfg = Release|ARM
		{5CBEB6C0-3BBE-4842-B79C-6EA3DCC99EB9}.Release|ARM.Build.0 = Release|ARM
		{5CBEB6C0-3BBE-4842-B79C-6EA3DCC99EB9}.Release|ARM.Deploy.0 = Release|ARM
		{5CBEB6C0-3BBE-4842-B79C-6EA3DCC99EB9}.Release|ARM64.ActiveCfg = Release|ARM64
		{5CBEB6C0-3BBE-4842-B79C-6EA3DCC99EB9}.Release|ARM64.Build.0 = Release|ARM64
		{5CBEB6C0-3BBE-4842-B79C-6EA3DCC99EB9}.Release|ARM64.Deploy.0 = Release|ARM64
		{5CBEB6C0-3BBE-4842-B79C-6EA3DCC99EB9}.Release|x64.ActiveCfg = Release|x64
		{5CBEB6C0-3BBE-4842-B79C-6EA3DCC99EB9}.Release|x64.Build.0 = Release|x64
		{5CBEB6C0-3BBE-4842-B79C-6EA3DCC99EB9}.Release|x64.Deploy.0 = Release|x64
		{5CBEB6C0-3BBE-4842-B79C-6EA3DCC99EB9}.Release|x86.ActiveCfg = Release|x86
		{5CBEB6C0-3BBE-4842-B79C-6EA3DCC99EB9}.Release|x86.Build.0 = Release|x86
		{5CBEB6C0-3BBE-4842-B79C-6EA3DCC99EB9}.Release|x86.Deploy.0 = Release|x86
		{CA38FB31-0B59-4532-B05F-2798CB146CAF}.Debug|Any CPU.ActiveCfg = Debug|Any CPU
		{CA38FB31-0B59-4532-B05F-2798CB146CAF}.Debug|Any CPU.Build.0 = Debug|Any CPU
		{CA38FB31-0B59-4532-B05F-2798CB146CAF}.Debug|ARM.ActiveCfg = Debug|Any CPU
		{CA38FB31-0B59-4532-B05F-2798CB146CAF}.Debug|ARM.Build.0 = Debug|Any CPU
		{CA38FB31-0B59-4532-B05F-2798CB146CAF}.Debug|ARM64.ActiveCfg = Debug|Any CPU
		{CA38FB31-0B59-4532-B05F-2798CB146CAF}.Debug|ARM64.Build.0 = Debug|Any CPU
		{CA38FB31-0B59-4532-B05F-2798CB146CAF}.Debug|x64.ActiveCfg = Debug|Any CPU
		{CA38FB31-0B59-4532-B05F-2798CB146CAF}.Debug|x64.Build.0 = Debug|Any CPU
		{CA38FB31-0B59-4532-B05F-2798CB146CAF}.Debug|x86.ActiveCfg = Debug|Any CPU
		{CA38FB31-0B59-4532-B05F-2798CB146CAF}.Debug|x86.Build.0 = Debug|Any CPU
		{CA38FB31-0B59-4532-B05F-2798CB146CAF}.Release|Any CPU.ActiveCfg = Release|Any CPU
		{CA38FB31-0B59-4532-B05F-2798CB146CAF}.Release|Any CPU.Build.0 = Release|Any CPU
		{CA38FB31-0B59-4532-B05F-2798CB146CAF}.Release|ARM.ActiveCfg = Release|Any CPU
		{CA38FB31-0B59-4532-B05F-2798CB146CAF}.Release|ARM.Build.0 = Release|Any CPU
		{CA38FB31-0B59-4532-B05F-2798CB146CAF}.Release|ARM64.ActiveCfg = Release|Any CPU
		{CA38FB31-0B59-4532-B05F-2798CB146CAF}.Release|ARM64.Build.0 = Release|Any CPU
		{CA38FB31-0B59-4532-B05F-2798CB146CAF}.Release|x64.ActiveCfg = Release|Any CPU
		{CA38FB31-0B59-4532-B05F-2798CB146CAF}.Release|x64.Build.0 = Release|Any CPU
		{CA38FB31-0B59-4532-B05F-2798CB146CAF}.Release|x86.ActiveCfg = Release|Any CPU
		{CA38FB31-0B59-4532-B05F-2798CB146CAF}.Release|x86.Build.0 = Release|Any CPU
	EndGlobalSection
	GlobalSection(SolutionProperties) = preSolution
		HideSolutionNode = FALSE
	EndGlobalSection
	GlobalSection(ExtensibilityGlobals) = postSolution
		SolutionGuid = {14B8AC63-7EC4-4467-A192-50EFDC5E4E20}
	EndGlobalSection
EndGlobal
